
Microsoft Visual Studio Solution File, Format Version 12.00
# Visual Studio Version 16
VisualStudioVersion = 16.0.32002.261
MinimumVisualStudioVersion = 10.0.40219.1
Project("{9A19103F-16F7-4668-BE54-9A1E7A4F7556}") = "Core", "Core\Core.csproj", "{A5F70295-A161-45D4-BB76-22B315A02243}"
EndProject
Project("{9A19103F-16F7-4668-BE54-9A1E7A4F7556}") = "BLL", "BLL\BLL.csproj", "{A7958334-002D-4046-822A-13BCC44F0EDA}"
EndProject
Project("{9A19103F-16F7-4668-BE54-9A1E7A4F7556}") = "DAL", "DAL\DAL.csproj", "{D0AEB75C-CB87-4D5F-972B-03510A72E91C}"
EndProject
Project("{9A19103F-16F7-4668-BE54-9A1E7A4F7556}") = "WebAPI", "WebAPI\WebAPI.csproj", "{144A3BB3-A6A1-4AA6-8FE6-C88AF41142DD}"
EndProject
Global
	GlobalSection(SolutionConfigurationPlatforms) = preSolution
		Debug|Any CPU = Debug|Any CPU
		Release|Any CPU = Release|Any CPU
	EndGlobalSection
	GlobalSection(ProjectConfigurationPlatforms) = postSolution
		{A5F70295-A161-45D4-BB76-22B315A02243}.Debug|Any CPU.ActiveCfg = Debug|Any CPU
		{A5F70295-A161-45D4-BB76-22B315A02243}.Debug|Any CPU.Build.0 = Debug|Any CPU
		{A5F70295-A161-45D4-BB76-22B315A02243}.Release|Any CPU.ActiveCfg = Release|Any CPU
		{A5F70295-A161-45D4-BB76-22B315A02243}.Release|Any CPU.Build.0 = Release|Any CPU
		{A7958334-002D-4046-822A-13BCC44F0EDA}.Debug|Any CPU.ActiveCfg = Debug|Any CPU
		{A7958334-002D-4046-822A-13BCC44F0EDA}.Debug|Any CPU.Build.0 = Debug|Any CPU
		{A7958334-002D-4046-822A-13BCC44F0EDA}.Release|Any CPU.ActiveCfg = Release|Any CPU
		{A7958334-002D-4046-822A-13BCC44F0EDA}.Release|Any CPU.Build.0 = Release|Any CPU
		{D0AEB75C-CB87-4D5F-972B-03510A72E91C}.Debug|Any CPU.ActiveCfg = Release|Any CPU
		{D0AEB75C-CB87-4D5F-972B-03510A72E91C}.Debug|Any CPU.Build.0 = Release|Any CPU
		{D0AEB75C-CB87-4D5F-972B-03510A72E91C}.Release|Any CPU.ActiveCfg = Release|Any CPU
		{D0AEB75C-CB87-4D5F-972B-03510A72E91C}.Release|Any CPU.Build.0 = Release|Any CPU
		{144A3BB3-A6A1-4AA6-8FE6-C88AF41142DD}.Debug|Any CPU.ActiveCfg = Debug|Any CPU
		{144A3BB3-A6A1-4AA6-8FE6-C88AF41142DD}.Debug|Any CPU.Build.0 = Debug|Any CPU
		{144A3BB3-A6A1-4AA6-8FE6-C88AF41142DD}.Release|Any CPU.ActiveCfg = Release|Any CPU
		{144A3BB3-A6A1-4AA6-8FE6-C88AF41142DD}.Release|Any CPU.Build.0 = Release|Any CPU
	EndGlobalSection
	GlobalSection(SolutionProperties) = preSolution
		HideSolutionNode = FALSE
	EndGlobalSection
	GlobalSection(ExtensibilityGlobals) = postSolution
		SolutionGuid = {442BA4F3-19EF-4D34-A2CF-F18E814E4D73}
	EndGlobalSection
EndGlobal
